// !$*UTF8*$!
{
	archiveVersion = 1;
	classes = {
	};
	objectVersion = 55;
	objects = {

/* Begin PBXBuildFile section */
		5E9915512822F1EE0002BA0E /* RulesViewController.swift in Sources */ = {isa = PBXBuildFile; fileRef = 5E9915502822F1EE0002BA0E /* RulesViewController.swift */; };
		5E9915532822F23C0002BA0E /* LabelPaddings.swift in Sources */ = {isa = PBXBuildFile; fileRef = 5E9915522822F23C0002BA0E /* LabelPaddings.swift */; };
		CB44B1A82821154600C6CE0F /* CategoriesViewController.swift in Sources */ = {isa = PBXBuildFile; fileRef = CB44B1A72821154500C6CE0F /* CategoriesViewController.swift */; };
		CB44B1AB2821156A00C6CE0F /* CategoriesView.swift in Sources */ = {isa = PBXBuildFile; fileRef = CB44B1AA2821156A00C6CE0F /* CategoriesView.swift */; };
		CB44B1AD282120C200C6CE0F /* Category.swift in Sources */ = {isa = PBXBuildFile; fileRef = CB44B1AC282120C200C6CE0F /* Category.swift */; };
		CB44B1B12821241C00C6CE0F /* CategoriesCollectionViewCell.swift in Sources */ = {isa = PBXBuildFile; fileRef = CB44B1B02821241C00C6CE0F /* CategoriesCollectionViewCell.swift */; };
		CB44B1B72821639E00C6CE0F /* UIView+Extension.swift in Sources */ = {isa = PBXBuildFile; fileRef = CB44B1B62821639E00C6CE0F /* UIView+Extension.swift */; };
		CB44B1BB2821796C00C6CE0F /* UIViewController+Extension.swift in Sources */ = {isa = PBXBuildFile; fileRef = CB44B1BA2821796C00C6CE0F /* UIViewController+Extension.swift */; };
		CB44B1BF28217B4200C6CE0F /* MainNavigationController.swift in Sources */ = {isa = PBXBuildFile; fileRef = CB44B1BE28217B4200C6CE0F /* MainNavigationController.swift */; };
		CBA195022823E7BE00771098 /* Enumerations.swift in Sources */ = {isa = PBXBuildFile; fileRef = CBA195012823E7BE00771098 /* Enumerations.swift */; };
		CBB5A9782823C44500CB718D /* MainMenuViewController.swift in Sources */ = {isa = PBXBuildFile; fileRef = CBB5A9772823C44500CB718D /* MainMenuViewController.swift */; };
		CBB5A97B2823C88000CB718D /* FinishViewController.swift in Sources */ = {isa = PBXBuildFile; fileRef = CBB5A97A2823C88000CB718D /* FinishViewController.swift */; };
		CBB5A97E2823C8A400CB718D /* FinishView.swift in Sources */ = {isa = PBXBuildFile; fileRef = CBB5A97D2823C8A400CB718D /* FinishView.swift */; };
		CBB5A9802823C96300CB718D /* NetworkManager.swift in Sources */ = {isa = PBXBuildFile; fileRef = CBB5A97F2823C96300CB718D /* NetworkManager.swift */; };
		CBB5A9832823CA3B00CB718D /* Joke.swift in Sources */ = {isa = PBXBuildFile; fileRef = CBB5A9822823CA3B00CB718D /* Joke.swift */; };
		CBC5BCFE28201CBD003832B7 /* Constant.swift in Sources */ = {isa = PBXBuildFile; fileRef = CBC5BCFD28201CBD003832B7 /* Constant.swift */; };
		CBC5BD0028201DFD003832B7 /* UIColor+Extension.swift in Sources */ = {isa = PBXBuildFile; fileRef = CBC5BCFF28201DFD003832B7 /* UIColor+Extension.swift */; };
		CBD2236A282187900085B6E6 /* CommonButton.swift in Sources */ = {isa = PBXBuildFile; fileRef = CBD22369282187900085B6E6 /* CommonButton.swift */; };
		CBD2236D2821976B0085B6E6 /* UIImage+Extension.swift in Sources */ = {isa = PBXBuildFile; fileRef = CBD2236C2821976B0085B6E6 /* UIImage+Extension.swift */; };
		CBDC0E61281FBCAE00F5476B /* AppDelegate.swift in Sources */ = {isa = PBXBuildFile; fileRef = CBDC0E60281FBCAE00F5476B /* AppDelegate.swift */; };
		CBDC0E63281FBCAE00F5476B /* SceneDelegate.swift in Sources */ = {isa = PBXBuildFile; fileRef = CBDC0E62281FBCAE00F5476B /* SceneDelegate.swift */; };
		CBDC0E6A281FBCB000F5476B /* Assets.xcassets in Resources */ = {isa = PBXBuildFile; fileRef = CBDC0E69281FBCB000F5476B /* Assets.xcassets */; };
		CBDC0E6D281FBCB000F5476B /* LaunchScreen.storyboard in Resources */ = {isa = PBXBuildFile; fileRef = CBDC0E6B281FBCB000F5476B /* LaunchScreen.storyboard */; };
		CBDC0E75281FC1F900F5476B /* Readme.md in Resources */ = {isa = PBXBuildFile; fileRef = CBDC0E74281FC1F900F5476B /* Readme.md */; };
		F09CC3C42823D5D1007727B4 /* GameBrain.swift in Sources */ = {isa = PBXBuildFile; fileRef = F09CC3C32823D5D1007727B4 /* GameBrain.swift */; };
		F0A720342822A2B500FCE055 /* GameViewController.swift in Sources */ = {isa = PBXBuildFile; fileRef = F0A720332822A2B500FCE055 /* GameViewController.swift */; };
		F0A720362822C83000FCE055 /* CircularProgressBarView.swift in Sources */ = {isa = PBXBuildFile; fileRef = F0A720352822C83000FCE055 /* CircularProgressBarView.swift */; };
/* End PBXBuildFile section */

/* Begin PBXFileReference section */
		5E9915502822F1EE0002BA0E /* RulesViewController.swift */ = {isa = PBXFileReference; lastKnownFileType = sourcecode.swift; path = RulesViewController.swift; sourceTree = "<group>"; };
		5E9915522822F23C0002BA0E /* LabelPaddings.swift */ = {isa = PBXFileReference; lastKnownFileType = sourcecode.swift; path = LabelPaddings.swift; sourceTree = "<group>"; };
		CB44B1A72821154500C6CE0F /* CategoriesViewController.swift */ = {isa = PBXFileReference; lastKnownFileType = sourcecode.swift; path = CategoriesViewController.swift; sourceTree = "<group>"; };
		CB44B1AA2821156A00C6CE0F /* CategoriesView.swift */ = {isa = PBXFileReference; lastKnownFileType = sourcecode.swift; path = CategoriesView.swift; sourceTree = "<group>"; };
		CB44B1AC282120C200C6CE0F /* Category.swift */ = {isa = PBXFileReference; lastKnownFileType = sourcecode.swift; path = Category.swift; sourceTree = "<group>"; };
		CB44B1B02821241C00C6CE0F /* CategoriesCollectionViewCell.swift */ = {isa = PBXFileReference; lastKnownFileType = sourcecode.swift; path = CategoriesCollectionViewCell.swift; sourceTree = "<group>"; };
		CB44B1B62821639E00C6CE0F /* UIView+Extension.swift */ = {isa = PBXFileReference; lastKnownFileType = sourcecode.swift; path = "UIView+Extension.swift"; sourceTree = "<group>"; };
		CB44B1BA2821796C00C6CE0F /* UIViewController+Extension.swift */ = {isa = PBXFileReference; lastKnownFileType = sourcecode.swift; path = "UIViewController+Extension.swift"; sourceTree = "<group>"; };
		CB44B1BE28217B4200C6CE0F /* MainNavigationController.swift */ = {isa = PBXFileReference; lastKnownFileType = sourcecode.swift; path = MainNavigationController.swift; sourceTree = "<group>"; };
		CBA195012823E7BE00771098 /* Enumerations.swift */ = {isa = PBXFileReference; fileEncoding = 4; lastKnownFileType = sourcecode.swift; path = Enumerations.swift; sourceTree = "<group>"; };
		CBB5A9772823C44500CB718D /* MainMenuViewController.swift */ = {isa = PBXFileReference; lastKnownFileType = sourcecode.swift; path = MainMenuViewController.swift; sourceTree = "<group>"; };
		CBB5A97A2823C88000CB718D /* FinishViewController.swift */ = {isa = PBXFileReference; lastKnownFileType = sourcecode.swift; path = FinishViewController.swift; sourceTree = "<group>"; };
		CBB5A97D2823C8A400CB718D /* FinishView.swift */ = {isa = PBXFileReference; lastKnownFileType = sourcecode.swift; path = FinishView.swift; sourceTree = "<group>"; };
		CBB5A97F2823C96300CB718D /* NetworkManager.swift */ = {isa = PBXFileReference; lastKnownFileType = sourcecode.swift; path = NetworkManager.swift; sourceTree = "<group>"; };
		CBB5A9822823CA3B00CB718D /* Joke.swift */ = {isa = PBXFileReference; lastKnownFileType = sourcecode.swift; path = Joke.swift; sourceTree = "<group>"; };
		CBC5BCFD28201CBD003832B7 /* Constant.swift */ = {isa = PBXFileReference; lastKnownFileType = sourcecode.swift; path = Constant.swift; sourceTree = "<group>"; };
		CBC5BCFF28201DFD003832B7 /* UIColor+Extension.swift */ = {isa = PBXFileReference; lastKnownFileType = sourcecode.swift; path = "UIColor+Extension.swift"; sourceTree = "<group>"; };
		CBD22369282187900085B6E6 /* CommonButton.swift */ = {isa = PBXFileReference; lastKnownFileType = sourcecode.swift; path = CommonButton.swift; sourceTree = "<group>"; };
		CBD2236C2821976B0085B6E6 /* UIImage+Extension.swift */ = {isa = PBXFileReference; lastKnownFileType = sourcecode.swift; path = "UIImage+Extension.swift"; sourceTree = "<group>"; };
		CBDC0E5D281FBCAE00F5476B /* Alias.app */ = {isa = PBXFileReference; explicitFileType = wrapper.application; includeInIndex = 0; path = Alias.app; sourceTree = BUILT_PRODUCTS_DIR; };
		CBDC0E60281FBCAE00F5476B /* AppDelegate.swift */ = {isa = PBXFileReference; lastKnownFileType = sourcecode.swift; path = AppDelegate.swift; sourceTree = "<group>"; };
		CBDC0E62281FBCAE00F5476B /* SceneDelegate.swift */ = {isa = PBXFileReference; lastKnownFileType = sourcecode.swift; path = SceneDelegate.swift; sourceTree = "<group>"; };
		CBDC0E69281FBCB000F5476B /* Assets.xcassets */ = {isa = PBXFileReference; lastKnownFileType = folder.assetcatalog; path = Assets.xcassets; sourceTree = "<group>"; };
		CBDC0E6C281FBCB000F5476B /* Base */ = {isa = PBXFileReference; lastKnownFileType = file.storyboard; name = Base; path = Base.lproj/LaunchScreen.storyboard; sourceTree = "<group>"; };
		CBDC0E6E281FBCB000F5476B /* Info.plist */ = {isa = PBXFileReference; lastKnownFileType = text.plist.xml; path = Info.plist; sourceTree = "<group>"; };
		CBDC0E74281FC1F900F5476B /* Readme.md */ = {isa = PBXFileReference; lastKnownFileType = net.daringfireball.markdown; path = Readme.md; sourceTree = "<group>"; };
		F09CC3C32823D5D1007727B4 /* GameBrain.swift */ = {isa = PBXFileReference; lastKnownFileType = sourcecode.swift; path = GameBrain.swift; sourceTree = "<group>"; };
		F0A720332822A2B500FCE055 /* GameViewController.swift */ = {isa = PBXFileReference; lastKnownFileType = sourcecode.swift; path = GameViewController.swift; sourceTree = "<group>"; };
		F0A720352822C83000FCE055 /* CircularProgressBarView.swift */ = {isa = PBXFileReference; lastKnownFileType = sourcecode.swift; path = CircularProgressBarView.swift; sourceTree = "<group>"; };
/* End PBXFileReference section */

/* Begin PBXFrameworksBuildPhase section */
		CBDC0E5A281FBCAE00F5476B /* Frameworks */ = {
			isa = PBXFrameworksBuildPhase;
			buildActionMask = 2147483647;
			files = (
			);
			runOnlyForDeploymentPostprocessing = 0;
		};
/* End PBXFrameworksBuildPhase section */

/* Begin PBXGroup section */
		5E99154F2822F1CF0002BA0E /* Rules */ = {
			isa = PBXGroup;
			children = (
				5E9915502822F1EE0002BA0E /* RulesViewController.swift */,
				5E9915522822F23C0002BA0E /* LabelPaddings.swift */,
			);
			path = Rules;
			sourceTree = "<group>";
		};
		CB44B1A92821154C00C6CE0F /* Categories */ = {
			isa = PBXGroup;
			children = (
				CB44B1A72821154500C6CE0F /* CategoriesViewController.swift */,
				CB44B1AA2821156A00C6CE0F /* CategoriesView.swift */,
				CB44B1B02821241C00C6CE0F /* CategoriesCollectionViewCell.swift */,
			);
			path = Categories;
			sourceTree = "<group>";
		};
		CB44B1BC28217ABA00C6CE0F /* Models */ = {
			isa = PBXGroup;
			children = (
				CB44B1AC282120C200C6CE0F /* Category.swift */,
				F09CC3C32823D5D1007727B4 /* GameBrain.swift */,
				CBB5A9822823CA3B00CB718D /* Joke.swift */,
			);
			path = Models;
			sourceTree = "<group>";
		};
		CB44B1C028217B6B00C6CE0F /* ControllerManagers */ = {
			isa = PBXGroup;
			children = (
				CB44B1BE28217B4200C6CE0F /* MainNavigationController.swift */,
			);
			path = ControllerManagers;
			sourceTree = "<group>";
		};
		CBA195032823E7C800771098 /* Enumerations */ = {
			isa = PBXGroup;
			children = (
				CBA195012823E7BE00771098 /* Enumerations.swift */,
			);
			path = Enumerations;
			sourceTree = "<group>";
		};
		CBB5A9792823C45B00CB718D /* MainMenu */ = {
			isa = PBXGroup;
			children = (
				CBB5A9772823C44500CB718D /* MainMenuViewController.swift */,
			);
			path = MainMenu;
			sourceTree = "<group>";
		};
		CBB5A97C2823C88700CB718D /* Finish */ = {
			isa = PBXGroup;
			children = (
				CBB5A97A2823C88000CB718D /* FinishViewController.swift */,
				CBB5A97D2823C8A400CB718D /* FinishView.swift */,
			);
			path = Finish;
			sourceTree = "<group>";
		};
		CBB5A9812823C96800CB718D /* NetworkManager */ = {
			isa = PBXGroup;
			children = (
				CBB5A97F2823C96300CB718D /* NetworkManager.swift */,
			);
			path = NetworkManager;
			sourceTree = "<group>";
		};
		CBC5BD0128201E1F003832B7 /* Extensions */ = {
			isa = PBXGroup;
			children = (
				CBC5BCFF28201DFD003832B7 /* UIColor+Extension.swift */,
				CB44B1BA2821796C00C6CE0F /* UIViewController+Extension.swift */,
				CBD2236C2821976B0085B6E6 /* UIImage+Extension.swift */,
				CB44B1B62821639E00C6CE0F /* UIView+Extension.swift */,
			);
			path = Extensions;
			sourceTree = "<group>";
		};
		CBC5BD022820202A003832B7 /* Constants */ = {
			isa = PBXGroup;
			children = (
				CBC5BCFD28201CBD003832B7 /* Constant.swift */,
			);
			path = Constants;
			sourceTree = "<group>";
		};
		CBC5BD0328202030003832B7 /* SupportingFiles */ = {
			isa = PBXGroup;
			children = (
				CBDC0E60281FBCAE00F5476B /* AppDelegate.swift */,
				CBDC0E62281FBCAE00F5476B /* SceneDelegate.swift */,
			);
			path = SupportingFiles;
			sourceTree = "<group>";
		};
		CBD2236B2821890F0085B6E6 /* CommonViews */ = {
			isa = PBXGroup;
			children = (
				CB44B1C028217B6B00C6CE0F /* ControllerManagers */,
				CBD22369282187900085B6E6 /* CommonButton.swift */,
			);
			path = CommonViews;
			sourceTree = "<group>";
		};
		CBDC0E54281FBCAE00F5476B = {
			isa = PBXGroup;
			children = (
				CBDC0E74281FC1F900F5476B /* Readme.md */,
				CBDC0E5F281FBCAE00F5476B /* Alias */,
				CBDC0E5E281FBCAE00F5476B /* Products */,
			);
			sourceTree = "<group>";
		};
		CBDC0E5E281FBCAE00F5476B /* Products */ = {
			isa = PBXGroup;
			children = (
				CBDC0E5D281FBCAE00F5476B /* Alias.app */,
			);
			name = Products;
			sourceTree = "<group>";
		};
		CBDC0E5F281FBCAE00F5476B /* Alias */ = {
			isa = PBXGroup;
			children = (
				CBA195032823E7C800771098 /* Enumerations */,
				CBB5A9812823C96800CB718D /* NetworkManager */,
				CBC5BD022820202A003832B7 /* Constants */,
				CB44B1BC28217ABA00C6CE0F /* Models */,
				CBD2236B2821890F0085B6E6 /* CommonViews */,
				CBB5A9792823C45B00CB718D /* MainMenu */,
				5E99154F2822F1CF0002BA0E /* Rules */,
				CB44B1A92821154C00C6CE0F /* Categories */,
				F0A720322822A28500FCE055 /* Game */,
				CBB5A97C2823C88700CB718D /* Finish */,
				CBC5BD0128201E1F003832B7 /* Extensions */,
				CBC5BD0328202030003832B7 /* SupportingFiles */,
				CBDC0E6B281FBCB000F5476B /* LaunchScreen.storyboard */,
				CBDC0E69281FBCB000F5476B /* Assets.xcassets */,
				CBDC0E6E281FBCB000F5476B /* Info.plist */,
			);
			path = Alias;
			sourceTree = "<group>";
		};
		F0A720322822A28500FCE055 /* Game */ = {
			isa = PBXGroup;
			children = (
				F0A720332822A2B500FCE055 /* GameViewController.swift */,
				F0A720352822C83000FCE055 /* CircularProgressBarView.swift */,
			);
			path = Game;
			sourceTree = "<group>";
		};
/* End PBXGroup section */

/* Begin PBXNativeTarget section */
		CBDC0E5C281FBCAE00F5476B /* Alias */ = {
			isa = PBXNativeTarget;
			buildConfigurationList = CBDC0E71281FBCB000F5476B /* Build configuration list for PBXNativeTarget "Alias" */;
			buildPhases = (
				CBDC0E59281FBCAE00F5476B /* Sources */,
				CBDC0E5A281FBCAE00F5476B /* Frameworks */,
				CBDC0E5B281FBCAE00F5476B /* Resources */,
			);
			buildRules = (
			);
			dependencies = (
			);
			name = Alias;
			productName = Alias;
			productReference = CBDC0E5D281FBCAE00F5476B /* Alias.app */;
			productType = "com.apple.product-type.application";
		};
/* End PBXNativeTarget section */

/* Begin PBXProject section */
		CBDC0E55281FBCAE00F5476B /* Project object */ = {
			isa = PBXProject;
			attributes = {
				BuildIndependentTargetsInParallel = 1;
				LastSwiftUpdateCheck = 1330;
				LastUpgradeCheck = 1330;
				TargetAttributes = {
					CBDC0E5C281FBCAE00F5476B = {
						CreatedOnToolsVersion = 13.3.1;
					};
				};
			};
			buildConfigurationList = CBDC0E58281FBCAE00F5476B /* Build configuration list for PBXProject "Alias" */;
			compatibilityVersion = "Xcode 13.0";
			developmentRegion = en;
			hasScannedForEncodings = 0;
			knownRegions = (
				en,
				Base,
			);
			mainGroup = CBDC0E54281FBCAE00F5476B;
			productRefGroup = CBDC0E5E281FBCAE00F5476B /* Products */;
			projectDirPath = "";
			projectRoot = "";
			targets = (
				CBDC0E5C281FBCAE00F5476B /* Alias */,
			);
		};
/* End PBXProject section */

/* Begin PBXResourcesBuildPhase section */
		CBDC0E5B281FBCAE00F5476B /* Resources */ = {
			isa = PBXResourcesBuildPhase;
			buildActionMask = 2147483647;
			files = (
				CBDC0E6D281FBCB000F5476B /* LaunchScreen.storyboard in Resources */,
				CBDC0E6A281FBCB000F5476B /* Assets.xcassets in Resources */,
				CBDC0E75281FC1F900F5476B /* Readme.md in Resources */,
			);
			runOnlyForDeploymentPostprocessing = 0;
		};
/* End PBXResourcesBuildPhase section */

/* Begin PBXSourcesBuildPhase section */
		CBDC0E59281FBCAE00F5476B /* Sources */ = {
			isa = PBXSourcesBuildPhase;
			buildActionMask = 2147483647;
			files = (
				CBB5A9802823C96300CB718D /* NetworkManager.swift in Sources */,
				CBD2236A282187900085B6E6 /* CommonButton.swift in Sources */,
				CB44B1B72821639E00C6CE0F /* UIView+Extension.swift in Sources */,
				CB44B1BF28217B4200C6CE0F /* MainNavigationController.swift in Sources */,
				5E9915532822F23C0002BA0E /* LabelPaddings.swift in Sources */,
				5E9915512822F1EE0002BA0E /* RulesViewController.swift in Sources */,
				F0A720342822A2B500FCE055 /* GameViewController.swift in Sources */,
				CBDC0E61281FBCAE00F5476B /* AppDelegate.swift in Sources */,
				F09CC3C42823D5D1007727B4 /* GameBrain.swift in Sources */,
				F0A720362822C83000FCE055 /* CircularProgressBarView.swift in Sources */,
				CB44B1BB2821796C00C6CE0F /* UIViewController+Extension.swift in Sources */,
				CBB5A97E2823C8A400CB718D /* FinishView.swift in Sources */,
				CB44B1A82821154600C6CE0F /* CategoriesViewController.swift in Sources */,
				CBC5BCFE28201CBD003832B7 /* Constant.swift in Sources */,
				CBA195022823E7BE00771098 /* Enumerations.swift in Sources */,
				CB44B1B12821241C00C6CE0F /* CategoriesCollectionViewCell.swift in Sources */,
				CBB5A9832823CA3B00CB718D /* Joke.swift in Sources */,
				CBC5BD0028201DFD003832B7 /* UIColor+Extension.swift in Sources */,
				CB44B1AD282120C200C6CE0F /* Category.swift in Sources */,
				CBD2236D2821976B0085B6E6 /* UIImage+Extension.swift in Sources */,
				CBB5A9782823C44500CB718D /* MainMenuViewController.swift in Sources */,
				CBB5A97B2823C88000CB718D /* FinishViewController.swift in Sources */,
				CBDC0E63281FBCAE00F5476B /* SceneDelegate.swift in Sources */,
				CB44B1AB2821156A00C6CE0F /* CategoriesView.swift in Sources */,
			);
			runOnlyForDeploymentPostprocessing = 0;
		};
/* End PBXSourcesBuildPhase section */

/* Begin PBXVariantGroup section */
		CBDC0E6B281FBCB000F5476B /* LaunchScreen.storyboard */ = {
			isa = PBXVariantGroup;
			children = (
				CBDC0E6C281FBCB000F5476B /* Base */,
			);
			name = LaunchScreen.storyboard;
			sourceTree = "<group>";
		};
/* End PBXVariantGroup section */

/* Begin XCBuildConfiguration section */
		CBDC0E6F281FBCB000F5476B /* Debug */ = {
			isa = XCBuildConfiguration;
			buildSettings = {
				ALWAYS_SEARCH_USER_PATHS = NO;
				CLANG_ANALYZER_NONNULL = YES;
				CLANG_ANALYZER_NUMBER_OBJECT_CONVERSION = YES_AGGRESSIVE;
				CLANG_CXX_LANGUAGE_STANDARD = "gnu++17";
				CLANG_ENABLE_MODULES = YES;
				CLANG_ENABLE_OBJC_ARC = YES;
				CLANG_ENABLE_OBJC_WEAK = YES;
				CLANG_WARN_BLOCK_CAPTURE_AUTORELEASING = YES;
				CLANG_WARN_BOOL_CONVERSION = YES;
				CLANG_WARN_COMMA = YES;
				CLANG_WARN_CONSTANT_CONVERSION = YES;
				CLANG_WARN_DEPRECATED_OBJC_IMPLEMENTATIONS = YES;
				CLANG_WARN_DIRECT_OBJC_ISA_USAGE = YES_ERROR;
				CLANG_WARN_DOCUMENTATION_COMMENTS = YES;
				CLANG_WARN_EMPTY_BODY = YES;
				CLANG_WARN_ENUM_CONVERSION = YES;
				CLANG_WARN_INFINITE_RECURSION = YES;
				CLANG_WARN_INT_CONVERSION = YES;
				CLANG_WARN_NON_LITERAL_NULL_CONVERSION = YES;
				CLANG_WARN_OBJC_IMPLICIT_RETAIN_SELF = YES;
				CLANG_WARN_OBJC_LITERAL_CONVERSION = YES;
				CLANG_WARN_OBJC_ROOT_CLASS = YES_ERROR;
				CLANG_WARN_QUOTED_INCLUDE_IN_FRAMEWORK_HEADER = YES;
				CLANG_WARN_RANGE_LOOP_ANALYSIS = YES;
				CLANG_WARN_STRICT_PROTOTYPES = YES;
				CLANG_WARN_SUSPICIOUS_MOVE = YES;
				CLANG_WARN_UNGUARDED_AVAILABILITY = YES_AGGRESSIVE;
				CLANG_WARN_UNREACHABLE_CODE = YES;
				CLANG_WARN__DUPLICATE_METHOD_MATCH = YES;
				COPY_PHASE_STRIP = NO;
				DEBUG_INFORMATION_FORMAT = dwarf;
				ENABLE_STRICT_OBJC_MSGSEND = YES;
				ENABLE_TESTABILITY = YES;
				GCC_C_LANGUAGE_STANDARD = gnu11;
				GCC_DYNAMIC_NO_PIC = NO;
				GCC_NO_COMMON_BLOCKS = YES;
				GCC_OPTIMIZATION_LEVEL = 0;
				GCC_PREPROCESSOR_DEFINITIONS = (
					"DEBUG=1",
					"$(inherited)",
				);
				GCC_WARN_64_TO_32_BIT_CONVERSION = YES;
				GCC_WARN_ABOUT_RETURN_TYPE = YES_ERROR;
				GCC_WARN_UNDECLARED_SELECTOR = YES;
				GCC_WARN_UNINITIALIZED_AUTOS = YES_AGGRESSIVE;
				GCC_WARN_UNUSED_FUNCTION = YES;
				GCC_WARN_UNUSED_VARIABLE = YES;
				IPHONEOS_DEPLOYMENT_TARGET = 15.4;
				MTL_ENABLE_DEBUG_INFO = INCLUDE_SOURCE;
				MTL_FAST_MATH = YES;
				ONLY_ACTIVE_ARCH = YES;
				SDKROOT = iphoneos;
				SWIFT_ACTIVE_COMPILATION_CONDITIONS = DEBUG;
				SWIFT_OPTIMIZATION_LEVEL = "-Onone";
			};
			name = Debug;
		};
		CBDC0E70281FBCB000F5476B /* Release */ = {
			isa = XCBuildConfiguration;
			buildSettings = {
				ALWAYS_SEARCH_USER_PATHS = NO;
				CLANG_ANALYZER_NONNULL = YES;
				CLANG_ANALYZER_NUMBER_OBJECT_CONVERSION = YES_AGGRESSIVE;
				CLANG_CXX_LANGUAGE_STANDARD = "gnu++17";
				CLANG_ENABLE_MODULES = YES;
				CLANG_ENABLE_OBJC_ARC = YES;
				CLANG_ENABLE_OBJC_WEAK = YES;
				CLANG_WARN_BLOCK_CAPTURE_AUTORELEASING = YES;
				CLANG_WARN_BOOL_CONVERSION = YES;
				CLANG_WARN_COMMA = YES;
				CLANG_WARN_CONSTANT_CONVERSION = YES;
				CLANG_WARN_DEPRECATED_OBJC_IMPLEMENTATIONS = YES;
				CLANG_WARN_DIRECT_OBJC_ISA_USAGE = YES_ERROR;
				CLANG_WARN_DOCUMENTATION_COMMENTS = YES;
				CLANG_WARN_EMPTY_BODY = YES;
				CLANG_WARN_ENUM_CONVERSION = YES;
				CLANG_WARN_INFINITE_RECURSION = YES;
				CLANG_WARN_INT_CONVERSION = YES;
				CLANG_WARN_NON_LITERAL_NULL_CONVERSION = YES;
				CLANG_WARN_OBJC_IMPLICIT_RETAIN_SELF = YES;
				CLANG_WARN_OBJC_LITERAL_CONVERSION = YES;
				CLANG_WARN_OBJC_ROOT_CLASS = YES_ERROR;
				CLANG_WARN_QUOTED_INCLUDE_IN_FRAMEWORK_HEADER = YES;
				CLANG_WARN_RANGE_LOOP_ANALYSIS = YES;
				CLANG_WARN_STRICT_PROTOTYPES = YES;
				CLANG_WARN_SUSPICIOUS_MOVE = YES;
				CLANG_WARN_UNGUARDED_AVAILABILITY = YES_AGGRESSIVE;
				CLANG_WARN_UNREACHABLE_CODE = YES;
				CLANG_WARN__DUPLICATE_METHOD_MATCH = YES;
				COPY_PHASE_STRIP = NO;
				DEBUG_INFORMATION_FORMAT = "dwarf-with-dsym";
				ENABLE_NS_ASSERTIONS = NO;
				ENABLE_STRICT_OBJC_MSGSEND = YES;
				GCC_C_LANGUAGE_STANDARD = gnu11;
				GCC_NO_COMMON_BLOCKS = YES;
				GCC_WARN_64_TO_32_BIT_CONVERSION = YES;
				GCC_WARN_ABOUT_RETURN_TYPE = YES_ERROR;
				GCC_WARN_UNDECLARED_SELECTOR = YES;
				GCC_WARN_UNINITIALIZED_AUTOS = YES_AGGRESSIVE;
				GCC_WARN_UNUSED_FUNCTION = YES;
				GCC_WARN_UNUSED_VARIABLE = YES;
				IPHONEOS_DEPLOYMENT_TARGET = 15.4;
				MTL_ENABLE_DEBUG_INFO = NO;
				MTL_FAST_MATH = YES;
				SDKROOT = iphoneos;
				SWIFT_COMPILATION_MODE = wholemodule;
				SWIFT_OPTIMIZATION_LEVEL = "-O";
				VALIDATE_PRODUCT = YES;
			};
			name = Release;
		};
		CBDC0E72281FBCB000F5476B /* Debug */ = {
			isa = XCBuildConfiguration;
			buildSettings = {
				ASSETCATALOG_COMPILER_APPICON_NAME = AppIcon;
				ASSETCATALOG_COMPILER_GLOBAL_ACCENT_COLOR_NAME = AccentColor;
				CODE_SIGN_STYLE = Automatic;
				CURRENT_PROJECT_VERSION = 1;
				GENERATE_INFOPLIST_FILE = YES;
				INFOPLIST_FILE = Alias/Info.plist;
				INFOPLIST_KEY_UIApplicationSupportsIndirectInputEvents = YES;
				INFOPLIST_KEY_UILaunchStoryboardName = LaunchScreen;
				INFOPLIST_KEY_UISupportedInterfaceOrientations_iPad = "UIInterfaceOrientationPortrait UIInterfaceOrientationPortraitUpsideDown UIInterfaceOrientationLandscapeLeft UIInterfaceOrientationLandscapeRight";
				INFOPLIST_KEY_UISupportedInterfaceOrientations_iPhone = "UIInterfaceOrientationPortrait UIInterfaceOrientationLandscapeLeft UIInterfaceOrientationLandscapeRight";
				IPHONEOS_DEPLOYMENT_TARGET = 15.0;
				LD_RUNPATH_SEARCH_PATHS = (
					"$(inherited)",
					"@executable_path/Frameworks",
				);
				MARKETING_VERSION = 1.0;
				PRODUCT_BUNDLE_IDENTIFIER = com.gellert.Alias;
				PRODUCT_NAME = "$(TARGET_NAME)";
				SWIFT_EMIT_LOC_STRINGS = YES;
				SWIFT_VERSION = 5.0;
				TARGETED_DEVICE_FAMILY = "1,2";
			};
			name = Debug;
		};
		CBDC0E73281FBCB000F5476B /* Release */ = {
			isa = XCBuildConfiguration;
			buildSettings = {
				ASSETCATALOG_COMPILER_APPICON_NAME = AppIcon;
				ASSETCATALOG_COMPILER_GLOBAL_ACCENT_COLOR_NAME = AccentColor;
				CODE_SIGN_STYLE = Automatic;
				CURRENT_PROJECT_VERSION = 1;
				GENERATE_INFOPLIST_FILE = YES;
				INFOPLIST_FILE = Alias/Info.plist;
				INFOPLIST_KEY_UIApplicationSupportsIndirectInputEvents = YES;
				INFOPLIST_KEY_UILaunchStoryboardName = LaunchScreen;
				INFOPLIST_KEY_UISupportedInterfaceOrientations_iPad = "UIInterfaceOrientationPortrait UIInterfaceOrientationPortraitUpsideDown UIInterfaceOrientationLandscapeLeft UIInterfaceOrientationLandscapeRight";
				INFOPLIST_KEY_UISupportedInterfaceOrientations_iPhone = "UIInterfaceOrientationPortrait UIInterfaceOrientationLandscapeLeft UIInterfaceOrientationLandscapeRight";
				IPHONEOS_DEPLOYMENT_TARGET = 15.0;
				LD_RUNPATH_SEARCH_PATHS = (
					"$(inherited)",
					"@executable_path/Frameworks",
				);
				MARKETING_VERSION = 1.0;
				PRODUCT_BUNDLE_IDENTIFIER = com.gellert.Alias;
				PRODUCT_NAME = "$(TARGET_NAME)";
				SWIFT_EMIT_LOC_STRINGS = YES;
				SWIFT_VERSION = 5.0;
				TARGETED_DEVICE_FAMILY = "1,2";
			};
			name = Release;
		};
/* End XCBuildConfiguration section */

/* Begin XCConfigurationList section */
		CBDC0E58281FBCAE00F5476B /* Build configuration list for PBXProject "Alias" */ = {
			isa = XCConfigurationList;
			buildConfigurations = (
				CBDC0E6F281FBCB000F5476B /* Debug */,
				CBDC0E70281FBCB000F5476B /* Release */,
			);
			defaultConfigurationIsVisible = 0;
			defaultConfigurationName = Release;
		};
		CBDC0E71281FBCB000F5476B /* Build configuration list for PBXNativeTarget "Alias" */ = {
			isa = XCConfigurationList;
			buildConfigurations = (
				CBDC0E72281FBCB000F5476B /* Debug */,
				CBDC0E73281FBCB000F5476B /* Release */,
			);
			defaultConfigurationIsVisible = 0;
			defaultConfigurationName = Release;
		};
/* End XCConfigurationList section */
	};
	rootObject = CBDC0E55281FBCAE00F5476B /* Project object */;
}
